// !$*UTF8*$!
{
	archiveVersion = 1;
	classes = {
	};
	objectVersion = 56;
	objects = {

/* Begin PBXBuildFile section */
		660D89ED2B94DD390074ED6D /* CalendarPicker.swift in Sources */ = {isa = PBXBuildFile; fileRef = 660D89EC2B94DD390074ED6D /* CalendarPicker.swift */; };
		661F9AB82B9FAAFD0024DB15 /* EKEvent+getCopy.swift in Sources */ = {isa = PBXBuildFile; fileRef = 661F9AB72B9FAAFD0024DB15 /* EKEvent+getCopy.swift */; };
		661F9ABA2B9FAB3C0024DB15 /* CalendarConnector.swift in Sources */ = {isa = PBXBuildFile; fileRef = 661F9AB92B9FAB3C0024DB15 /* CalendarConnector.swift */; };
		669382202B975BC300955ED5 /* ContentView+ViewModel.swift in Sources */ = {isa = PBXBuildFile; fileRef = 6693821F2B975BC300955ED5 /* ContentView+ViewModel.swift */; };
		669382232B975DCC00955ED5 /* CalendarLabel.swift in Sources */ = {isa = PBXBuildFile; fileRef = 669382222B975DCC00955ED5 /* CalendarLabel.swift */; };
		669382252B97DD8300955ED5 /* EKCalendar+example.swift in Sources */ = {isa = PBXBuildFile; fileRef = 669382242B97DD8300955ED5 /* EKCalendar+example.swift */; };
		669821FD2BB342DC005D7E7E /* CreateNewCalendarView.swift in Sources */ = {isa = PBXBuildFile; fileRef = 669821FC2BB342DC005D7E7E /* CreateNewCalendarView.swift */; };
		669E0DE42B93D99A000636B6 /* CalendarConverterApp.swift in Sources */ = {isa = PBXBuildFile; fileRef = 669E0DE32B93D99A000636B6 /* CalendarConverterApp.swift */; };
		669E0DE62B93D99A000636B6 /* ContentView.swift in Sources */ = {isa = PBXBuildFile; fileRef = 669E0DE52B93D99A000636B6 /* ContentView.swift */; };
		669E0DE82B93D99B000636B6 /* Assets.xcassets in Resources */ = {isa = PBXBuildFile; fileRef = 669E0DE72B93D99B000636B6 /* Assets.xcassets */; };
		669E0DEB2B93D99B000636B6 /* Preview Assets.xcassets in Resources */ = {isa = PBXBuildFile; fileRef = 669E0DEA2B93D99B000636B6 /* Preview Assets.xcassets */; };
/* End PBXBuildFile section */

/* Begin PBXFileReference section */
		660D89EC2B94DD390074ED6D /* CalendarPicker.swift */ = {isa = PBXFileReference; lastKnownFileType = sourcecode.swift; path = CalendarPicker.swift; sourceTree = "<group>"; };
		661F9AB72B9FAAFD0024DB15 /* EKEvent+getCopy.swift */ = {isa = PBXFileReference; lastKnownFileType = sourcecode.swift; path = "EKEvent+getCopy.swift"; sourceTree = "<group>"; };
		661F9AB92B9FAB3C0024DB15 /* CalendarConnector.swift */ = {isa = PBXFileReference; lastKnownFileType = sourcecode.swift; path = CalendarConnector.swift; sourceTree = "<group>"; };
		6693821F2B975BC300955ED5 /* ContentView+ViewModel.swift */ = {isa = PBXFileReference; lastKnownFileType = sourcecode.swift; path = "ContentView+ViewModel.swift"; sourceTree = "<group>"; };
		669382222B975DCC00955ED5 /* CalendarLabel.swift */ = {isa = PBXFileReference; lastKnownFileType = sourcecode.swift; path = CalendarLabel.swift; sourceTree = "<group>"; };
		669382242B97DD8300955ED5 /* EKCalendar+example.swift */ = {isa = PBXFileReference; lastKnownFileType = sourcecode.swift; path = "EKCalendar+example.swift"; sourceTree = "<group>"; };
		669821FC2BB342DC005D7E7E /* CreateNewCalendarView.swift */ = {isa = PBXFileReference; lastKnownFileType = sourcecode.swift; path = CreateNewCalendarView.swift; sourceTree = "<group>"; };
		669E0DE02B93D99A000636B6 /* CalendarConverter.app */ = {isa = PBXFileReference; explicitFileType = wrapper.application; includeInIndex = 0; path = CalendarConverter.app; sourceTree = BUILT_PRODUCTS_DIR; };
		669E0DE32B93D99A000636B6 /* CalendarConverterApp.swift */ = {isa = PBXFileReference; lastKnownFileType = sourcecode.swift; path = CalendarConverterApp.swift; sourceTree = "<group>"; };
		669E0DE52B93D99A000636B6 /* ContentView.swift */ = {isa = PBXFileReference; lastKnownFileType = sourcecode.swift; path = ContentView.swift; sourceTree = "<group>"; };
		669E0DE72B93D99B000636B6 /* Assets.xcassets */ = {isa = PBXFileReference; lastKnownFileType = folder.assetcatalog; path = Assets.xcassets; sourceTree = "<group>"; };
		669E0DEA2B93D99B000636B6 /* Preview Assets.xcassets */ = {isa = PBXFileReference; lastKnownFileType = folder.assetcatalog; path = "Preview Assets.xcassets"; sourceTree = "<group>"; };
		669E0DF12B93D9B7000636B6 /* Info.plist */ = {isa = PBXFileReference; lastKnownFileType = text.plist; path = Info.plist; sourceTree = "<group>"; };
/* End PBXFileReference section */

/* Begin PBXFrameworksBuildPhase section */
		669E0DDD2B93D99A000636B6 /* Frameworks */ = {
			isa = PBXFrameworksBuildPhase;
			buildActionMask = 2147483647;
			files = (
			);
			runOnlyForDeploymentPostprocessing = 0;
		};
/* End PBXFrameworksBuildPhase section */

/* Begin PBXGroup section */
		669382212B975BC700955ED5 /* ViewModel */ = {
			isa = PBXGroup;
			children = (
				6693821F2B975BC300955ED5 /* ContentView+ViewModel.swift */,
			);
			path = ViewModel;
			sourceTree = "<group>";
		};
		669382262B97DD8800955ED5 /* Model */ = {
			isa = PBXGroup;
			children = (
				669382242B97DD8300955ED5 /* EKCalendar+example.swift */,
				661F9AB72B9FAAFD0024DB15 /* EKEvent+getCopy.swift */,
				661F9AB92B9FAB3C0024DB15 /* CalendarConnector.swift */,
			);
			path = Model;
			sourceTree = "<group>";
		};
		669E0DD72B93D99A000636B6 = {
			isa = PBXGroup;
			children = (
				669E0DE22B93D99A000636B6 /* CalendarConverter */,
				669E0DE12B93D99A000636B6 /* Products */,
			);
			sourceTree = "<group>";
		};
		669E0DE12B93D99A000636B6 /* Products */ = {
			isa = PBXGroup;
			children = (
				669E0DE02B93D99A000636B6 /* CalendarConverter.app */,
			);
			name = Products;
			sourceTree = "<group>";
		};
		669E0DE22B93D99A000636B6 /* CalendarConverter */ = {
			isa = PBXGroup;
			children = (
				669E0DF12B93D9B7000636B6 /* Info.plist */,
				669E0DE32B93D99A000636B6 /* CalendarConverterApp.swift */,
				669382262B97DD8800955ED5 /* Model */,
				669E0DF22B93D9CB000636B6 /* View */,
				669382212B975BC700955ED5 /* ViewModel */,
				669E0DE72B93D99B000636B6 /* Assets.xcassets */,
				669E0DE92B93D99B000636B6 /* Preview Content */,
			);
			path = CalendarConverter;
			sourceTree = "<group>";
		};
		669E0DE92B93D99B000636B6 /* Preview Content */ = {
			isa = PBXGroup;
			children = (
				669E0DEA2B93D99B000636B6 /* Preview Assets.xcassets */,
			);
			path = "Preview Content";
			sourceTree = "<group>";
		};
		669E0DF22B93D9CB000636B6 /* View */ = {
			isa = PBXGroup;
			children = (
				669E0DE52B93D99A000636B6 /* ContentView.swift */,
				660D89EC2B94DD390074ED6D /* CalendarPicker.swift */,
				669382222B975DCC00955ED5 /* CalendarLabel.swift */,
				669821FC2BB342DC005D7E7E /* CreateNewCalendarView.swift */,
			);
			path = View;
			sourceTree = "<group>";
		};
/* End PBXGroup section */

/* Begin PBXNativeTarget section */
		669E0DDF2B93D99A000636B6 /* CalendarConverter */ = {
			isa = PBXNativeTarget;
			buildConfigurationList = 669E0DEE2B93D99B000636B6 /* Build configuration list for PBXNativeTarget "CalendarConverter" */;
			buildPhases = (
				669E0DDC2B93D99A000636B6 /* Sources */,
				669E0DDD2B93D99A000636B6 /* Frameworks */,
				669E0DDE2B93D99A000636B6 /* Resources */,
			);
			buildRules = (
			);
			dependencies = (
			);
			name = CalendarConverter;
			productName = CalendarConverter;
			productReference = 669E0DE02B93D99A000636B6 /* CalendarConverter.app */;
			productType = "com.apple.product-type.application";
		};
/* End PBXNativeTarget section */

/* Begin PBXProject section */
		669E0DD82B93D99A000636B6 /* Project object */ = {
			isa = PBXProject;
			attributes = {
				BuildIndependentTargetsInParallel = 1;
				LastSwiftUpdateCheck = 1520;
				LastUpgradeCheck = 1520;
				TargetAttributes = {
					669E0DDF2B93D99A000636B6 = {
						CreatedOnToolsVersion = 15.2;
					};
				};
			};
			buildConfigurationList = 669E0DDB2B93D99A000636B6 /* Build configuration list for PBXProject "CalendarConverter" */;
			compatibilityVersion = "Xcode 14.0";
			developmentRegion = en;
			hasScannedForEncodings = 0;
			knownRegions = (
				en,
				Base,
			);
			mainGroup = 669E0DD72B93D99A000636B6;
			productRefGroup = 669E0DE12B93D99A000636B6 /* Products */;
			projectDirPath = "";
			projectRoot = "";
			targets = (
				669E0DDF2B93D99A000636B6 /* CalendarConverter */,
			);
		};
/* End PBXProject section */

/* Begin PBXResourcesBuildPhase section */
		669E0DDE2B93D99A000636B6 /* Resources */ = {
			isa = PBXResourcesBuildPhase;
			buildActionMask = 2147483647;
			files = (
				669E0DEB2B93D99B000636B6 /* Preview Assets.xcassets in Resources */,
				669E0DE82B93D99B000636B6 /* Assets.xcassets in Resources */,
			);
			runOnlyForDeploymentPostprocessing = 0;
		};
/* End PBXResourcesBuildPhase section */

/* Begin PBXSourcesBuildPhase section */
		669E0DDC2B93D99A000636B6 /* Sources */ = {
			isa = PBXSourcesBuildPhase;
			buildActionMask = 2147483647;
			files = (
				669382202B975BC300955ED5 /* ContentView+ViewModel.swift in Sources */,
				669821FD2BB342DC005D7E7E /* CreateNewCalendarView.swift in Sources */,
				660D89ED2B94DD390074ED6D /* CalendarPicker.swift in Sources */,
				661F9AB82B9FAAFD0024DB15 /* EKEvent+getCopy.swift in Sources */,
				669E0DE62B93D99A000636B6 /* ContentView.swift in Sources */,
				661F9ABA2B9FAB3C0024DB15 /* CalendarConnector.swift in Sources */,
				669382232B975DCC00955ED5 /* CalendarLabel.swift in Sources */,
				669382252B97DD8300955ED5 /* EKCalendar+example.swift in Sources */,
				669E0DE42B93D99A000636B6 /* CalendarConverterApp.swift in Sources */,
			);
			runOnlyForDeploymentPostprocessing = 0;
		};
/* End PBXSourcesBuildPhase section */

/* Begin XCBuildConfiguration section */
		669E0DEC2B93D99B000636B6 /* Debug */ = {
			isa = XCBuildConfiguration;
			buildSettings = {
				ALWAYS_SEARCH_USER_PATHS = NO;
				ASSETCATALOG_COMPILER_GENERATE_SWIFT_ASSET_SYMBOL_EXTENSIONS = YES;
				CLANG_ANALYZER_NONNULL = YES;
				CLANG_ANALYZER_NUMBER_OBJECT_CONVERSION = YES_AGGRESSIVE;
				CLANG_CXX_LANGUAGE_STANDARD = "gnu++20";
				CLANG_ENABLE_MODULES = YES;
				CLANG_ENABLE_OBJC_ARC = YES;
				CLANG_ENABLE_OBJC_WEAK = YES;
				CLANG_WARN_BLOCK_CAPTURE_AUTORELEASING = YES;
				CLANG_WARN_BOOL_CONVERSION = YES;
				CLANG_WARN_COMMA = YES;
				CLANG_WARN_CONSTANT_CONVERSION = YES;
				CLANG_WARN_DEPRECATED_OBJC_IMPLEMENTATIONS = YES;
				CLANG_WARN_DIRECT_OBJC_ISA_USAGE = YES_ERROR;
				CLANG_WARN_DOCUMENTATION_COMMENTS = YES;
				CLANG_WARN_EMPTY_BODY = YES;
				CLANG_WARN_ENUM_CONVERSION = YES;
				CLANG_WARN_INFINITE_RECURSION = YES;
				CLANG_WARN_INT_CONVERSION = YES;
				CLANG_WARN_NON_LITERAL_NULL_CONVERSION = YES;
				CLANG_WARN_OBJC_IMPLICIT_RETAIN_SELF = YES;
				CLANG_WARN_OBJC_LITERAL_CONVERSION = YES;
				CLANG_WARN_OBJC_ROOT_CLASS = YES_ERROR;
				CLANG_WARN_QUOTED_INCLUDE_IN_FRAMEWORK_HEADER = YES;
				CLANG_WARN_RANGE_LOOP_ANALYSIS = YES;
				CLANG_WARN_STRICT_PROTOTYPES = YES;
				CLANG_WARN_SUSPICIOUS_MOVE = YES;
				CLANG_WARN_UNGUARDED_AVAILABILITY = YES_AGGRESSIVE;
				CLANG_WARN_UNREACHABLE_CODE = YES;
				CLANG_WARN__DUPLICATE_METHOD_MATCH = YES;
				COPY_PHASE_STRIP = NO;
				DEBUG_INFORMATION_FORMAT = dwarf;
				ENABLE_STRICT_OBJC_MSGSEND = YES;
				ENABLE_TESTABILITY = YES;
				ENABLE_USER_SCRIPT_SANDBOXING = YES;
				GCC_C_LANGUAGE_STANDARD = gnu17;
				GCC_DYNAMIC_NO_PIC = NO;
				GCC_NO_COMMON_BLOCKS = YES;
				GCC_OPTIMIZATION_LEVEL = 0;
				GCC_PREPROCESSOR_DEFINITIONS = (
					"DEBUG=1",
					"$(inherited)",
				);
				GCC_WARN_64_TO_32_BIT_CONVERSION = YES;
				GCC_WARN_ABOUT_RETURN_TYPE = YES_ERROR;
				GCC_WARN_UNDECLARED_SELECTOR = YES;
				GCC_WARN_UNINITIALIZED_AUTOS = YES_AGGRESSIVE;
				GCC_WARN_UNUSED_FUNCTION = YES;
				GCC_WARN_UNUSED_VARIABLE = YES;
				IPHONEOS_DEPLOYMENT_TARGET = 17.2;
				LOCALIZATION_PREFERS_STRING_CATALOGS = YES;
				MTL_ENABLE_DEBUG_INFO = INCLUDE_SOURCE;
				MTL_FAST_MATH = YES;
				ONLY_ACTIVE_ARCH = YES;
				SDKROOT = iphoneos;
				SWIFT_ACTIVE_COMPILATION_CONDITIONS = "DEBUG $(inherited)";
				SWIFT_OPTIMIZATION_LEVEL = "-Onone";
			};
			name = Debug;
		};
		669E0DED2B93D99B000636B6 /* Release */ = {
			isa = XCBuildConfiguration;
			buildSettings = {
				ALWAYS_SEARCH_USER_PATHS = NO;
				ASSETCATALOG_COMPILER_GENERATE_SWIFT_ASSET_SYMBOL_EXTENSIONS = YES;
				CLANG_ANALYZER_NONNULL = YES;
				CLANG_ANALYZER_NUMBER_OBJECT_CONVERSION = YES_AGGRESSIVE;
				CLANG_CXX_LANGUAGE_STANDARD = "gnu++20";
				CLANG_ENABLE_MODULES = YES;
				CLANG_ENABLE_OBJC_ARC = YES;
				CLANG_ENABLE_OBJC_WEAK = YES;
				CLANG_WARN_BLOCK_CAPTURE_AUTORELEASING = YES;
				CLANG_WARN_BOOL_CONVERSION = YES;
				CLANG_WARN_COMMA = YES;
				CLANG_WARN_CONSTANT_CONVERSION = YES;
				CLANG_WARN_DEPRECATED_OBJC_IMPLEMENTATIONS = YES;
				CLANG_WARN_DIRECT_OBJC_ISA_USAGE = YES_ERROR;
				CLANG_WARN_DOCUMENTATION_COMMENTS = YES;
				CLANG_WARN_EMPTY_BODY = YES;
				CLANG_WARN_ENUM_CONVERSION = YES;
				CLANG_WARN_INFINITE_RECURSION = YES;
				CLANG_WARN_INT_CONVERSION = YES;
				CLANG_WARN_NON_LITERAL_NULL_CONVERSION = YES;
				CLANG_WARN_OBJC_IMPLICIT_RETAIN_SELF = YES;
				CLANG_WARN_OBJC_LITERAL_CONVERSION = YES;
				CLANG_WARN_OBJC_ROOT_CLASS = YES_ERROR;
				CLANG_WARN_QUOTED_INCLUDE_IN_FRAMEWORK_HEADER = YES;
				CLANG_WARN_RANGE_LOOP_ANALYSIS = YES;
				CLANG_WARN_STRICT_PROTOTYPES = YES;
				CLANG_WARN_SUSPICIOUS_MOVE = YES;
				CLANG_WARN_UNGUARDED_AVAILABILITY = YES_AGGRESSIVE;
				CLANG_WARN_UNREACHABLE_CODE = YES;
				CLANG_WARN__DUPLICATE_METHOD_MATCH = YES;
				COPY_PHASE_STRIP = NO;
				DEBUG_INFORMATION_FORMAT = "dwarf-with-dsym";
				ENABLE_NS_ASSERTIONS = NO;
				ENABLE_STRICT_OBJC_MSGSEND = YES;
				ENABLE_USER_SCRIPT_SANDBOXING = YES;
				GCC_C_LANGUAGE_STANDARD = gnu17;
				GCC_NO_COMMON_BLOCKS = YES;
				GCC_WARN_64_TO_32_BIT_CONVERSION = YES;
				GCC_WARN_ABOUT_RETURN_TYPE = YES_ERROR;
				GCC_WARN_UNDECLARED_SELECTOR = YES;
				GCC_WARN_UNINITIALIZED_AUTOS = YES_AGGRESSIVE;
				GCC_WARN_UNUSED_FUNCTION = YES;
				GCC_WARN_UNUSED_VARIABLE = YES;
				IPHONEOS_DEPLOYMENT_TARGET = 17.2;
				LOCALIZATION_PREFERS_STRING_CATALOGS = YES;
				MTL_ENABLE_DEBUG_INFO = NO;
				MTL_FAST_MATH = YES;
				SDKROOT = iphoneos;
				SWIFT_COMPILATION_MODE = wholemodule;
				VALIDATE_PRODUCT = YES;
			};
			name = Release;
		};
		669E0DEF2B93D99B000636B6 /* Debug */ = {
			isa = XCBuildConfiguration;
			buildSettings = {
				ASSETCATALOG_COMPILER_APPICON_NAME = AppIcon;
				ASSETCATALOG_COMPILER_GLOBAL_ACCENT_COLOR_NAME = AccentColor;
				CODE_SIGN_STYLE = Automatic;
				CURRENT_PROJECT_VERSION = 2;
				DEVELOPMENT_ASSET_PATHS = "\"CalendarConverter/Preview Content\"";
				DEVELOPMENT_TEAM = 8M6629LY4U;
				ENABLE_PREVIEWS = YES;
				GENERATE_INFOPLIST_FILE = YES;
				INFOPLIST_FILE = CalendarConverter/Info.plist;
				INFOPLIST_KEY_UIApplicationSceneManifest_Generation = YES;
				INFOPLIST_KEY_UIApplicationSupportsIndirectInputEvents = YES;
				INFOPLIST_KEY_UILaunchScreen_Generation = YES;
				INFOPLIST_KEY_UISupportedInterfaceOrientations_iPad = "UIInterfaceOrientationPortrait UIInterfaceOrientationPortraitUpsideDown UIInterfaceOrientationLandscapeLeft UIInterfaceOrientationLandscapeRight";
				INFOPLIST_KEY_UISupportedInterfaceOrientations_iPhone = "UIInterfaceOrientationPortrait UIInterfaceOrientationLandscapeLeft UIInterfaceOrientationLandscapeRight";
				IPHONEOS_DEPLOYMENT_TARGET = 17.0;
				LD_RUNPATH_SEARCH_PATHS = (
					"$(inherited)",
					"@executable_path/Frameworks",
				);
				MARKETING_VERSION = 0.1.0;
				PRODUCT_BUNDLE_IDENTIFIER = com.admi126n.CalendarConverter;
				PRODUCT_NAME = "$(TARGET_NAME)";
				SUPPORTED_PLATFORMS = "iphoneos iphonesimulator";
				SUPPORTS_MACCATALYST = NO;
				SUPPORTS_MAC_DESIGNED_FOR_IPHONE_IPAD = NO;
				SWIFT_EMIT_LOC_STRINGS = YES;
				SWIFT_VERSION = 5.0;
				TARGETED_DEVICE_FAMILY = "1,2";
			};
			name = Debug;
		};
		669E0DF02B93D99B000636B6 /* Release */ = {
			isa = XCBuildConfiguration;
			buildSettings = {
				ASSETCATALOG_COMPILER_APPICON_NAME = AppIcon;
				ASSETCATALOG_COMPILER_GLOBAL_ACCENT_COLOR_NAME = AccentColor;
				CODE_SIGN_STYLE = Automatic;
				CURRENT_PROJECT_VERSION = 2;
				DEVELOPMENT_ASSET_PATHS = "\"CalendarConverter/Preview Content\"";
				DEVELOPMENT_TEAM = 8M6629LY4U;
				ENABLE_PREVIEWS = YES;
				GENERATE_INFOPLIST_FILE = YES;
				INFOPLIST_FILE = CalendarConverter/Info.plist;
				INFOPLIST_KEY_UIApplicationSceneManifest_Generation = YES;
				INFOPLIST_KEY_UIApplicationSupportsIndirectInputEvents = YES;
				INFOPLIST_KEY_UILaunchScreen_Generation = YES;
				INFOPLIST_KEY_UISupportedInterfaceOrientations_iPad = "UIInterfaceOrientationPortrait UIInterfaceOrientationPortraitUpsideDown UIInterfaceOrientationLandscapeLeft UIInterfaceOrientationLandscapeRight";
				INFOPLIST_KEY_UISupportedInterfaceOrientations_iPhone = "UIInterfaceOrientationPortrait UIInterfaceOrientationLandscapeLeft UIInterfaceOrientationLandscapeRight";
				IPHONEOS_DEPLOYMENT_TARGET = 17.0;
				LD_RUNPATH_SEARCH_PATHS = (
					"$(inherited)",
					"@executable_path/Frameworks",
				);
				MARKETING_VERSION = 0.1.0;
				PRODUCT_BUNDLE_IDENTIFIER = com.admi126n.CalendarConverter;
				PRODUCT_NAME = "$(TARGET_NAME)";
				SUPPORTED_PLATFORMS = "iphoneos iphonesimulator";
				SUPPORTS_MACCATALYST = NO;
				SUPPORTS_MAC_DESIGNED_FOR_IPHONE_IPAD = NO;
				SWIFT_EMIT_LOC_STRINGS = YES;
				SWIFT_VERSION = 5.0;
				TARGETED_DEVICE_FAMILY = "1,2";
			};
			name = Release;
		};
/* End XCBuildConfiguration section */

/* Begin XCConfigurationList section */
		669E0DDB2B93D99A000636B6 /* Build configuration list for PBXProject "CalendarConverter" */ = {
			isa = XCConfigurationList;
			buildConfigurations = (
				669E0DEC2B93D99B000636B6 /* Debug */,
				669E0DED2B93D99B000636B6 /* Release */,
			);
			defaultConfigurationIsVisible = 0;
			defaultConfigurationName = Release;
		};
		669E0DEE2B93D99B000636B6 /* Build configuration list for PBXNativeTarget "CalendarConverter" */ = {
			isa = XCConfigurationList;
			buildConfigurations = (
				669E0DEF2B93D99B000636B6 /* Debug */,
				669E0DF02B93D99B000636B6 /* Release */,
			);
			defaultConfigurationIsVisible = 0;
			defaultConfigurationName = Release;
		};
/* End XCConfigurationList section */
	};
	rootObject = 669E0DD82B93D99A000636B6 /* Project object */;
}
